
Microsoft Visual Studio Solution File, Format Version 12.00
# Visual Studio 15
VisualStudioVersion = 15.0.28307.902
MinimumVisualStudioVersion = 10.0.40219.1
Project("{FAE04EC0-301F-11D3-BF4B-00C04F79EFBC}") = "MoviesOnDemand", "MoviesOnDemand\MoviesOnDemand.csproj", "{640EDBF5-AACE-41BA-9AE9-7865D01ECDD1}"
EndProject
Global
	GlobalSection(SolutionConfigurationPlatforms) = preSolution
		Debug|Any CPU = Debug|Any CPU
		Release|Any CPU = Release|Any CPU
	EndGlobalSection
	GlobalSection(ProjectConfigurationPlatforms) = postSolution
		{640EDBF5-AACE-41BA-9AE9-7865D01ECDD1}.Debug|Any CPU.ActiveCfg = Debug|Any CPU
		{640EDBF5-AACE-41BA-9AE9-7865D01ECDD1}.Debug|Any CPU.Build.0 = Debug|Any CPU
		{640EDBF5-AACE-41BA-9AE9-7865D01ECDD1}.Release|Any CPU.ActiveCfg = Release|Any CPU
		{640EDBF5-AACE-41BA-9AE9-7865D01ECDD1}.Release|Any CPU.Build.0 = Release|Any CPU
	EndGlobalSection
	GlobalSection(SolutionProperties) = preSolution
		HideSolutionNode = FALSE
	EndGlobalSection
	GlobalSection(ExtensibilityGlobals) = postSolution
		SolutionGuid = {97588715-62AC-40D3-903E-D7EBFC9100F7}
	EndGlobalSection
EndGlobal
